
Microsoft Visual Studio Solution File, Format Version 12.00
# Visual Studio Version 17
VisualStudioVersion = 17.3.32825.248
MinimumVisualStudioVersion = 10.0.40219.1
Project("{FAE04EC0-301F-11D3-BF4B-00C04F79EFBC}") = "deneme2", "deneme2\deneme2.csproj", "{F289B248-ED01-4F70-8067-2DED4D89B6A8}"
EndProject
Global
	GlobalSection(SolutionConfigurationPlatforms) = preSolution
		Debug|Any CPU = Debug|Any CPU
		Release|Any CPU = Release|Any CPU
	EndGlobalSection
	GlobalSection(ProjectConfigurationPlatforms) = postSolution
		{F289B248-ED01-4F70-8067-2DED4D89B6A8}.Debug|Any CPU.ActiveCfg = Debug|Any CPU
		{F289B248-ED01-4F70-8067-2DED4D89B6A8}.Debug|Any CPU.Build.0 = Debug|Any CPU
		{F289B248-ED01-4F70-8067-2DED4D89B6A8}.Release|Any CPU.ActiveCfg = Release|Any CPU
		{F289B248-ED01-4F70-8067-2DED4D89B6A8}.Release|Any CPU.Build.0 = Release|Any CPU
	EndGlobalSection
	GlobalSection(SolutionProperties) = preSolution
		HideSolutionNode = FALSE
	EndGlobalSection
	GlobalSection(ExtensibilityGlobals) = postSolution
		SolutionGuid = {7102EE6E-A57D-43A2-9474-252E3D1FEF15}
	EndGlobalSection
EndGlobal
